// !$*UTF8*$!
{
	archiveVersion = 1;
	classes = {
	};
	objectVersion = 56;
	objects = {

/* Begin PBXBuildFile section */
		42284AF82C9F7D5F001E6942 /* FastViTMA36F16.mlpackage in Sources */ = {isa = PBXBuildFile; fileRef = 42284AF72C9F7D5F001E6942 /* FastViTMA36F16.mlpackage */; };
		42284AFA2CA0C469001E6942 /* buddha_sound.wav in Resources */ = {isa = PBXBuildFile; fileRef = 42284AF92CA0C469001E6942 /* buddha_sound.wav */; };
		42284AFE2CA0C68F001E6942 /* Assets.xcassets in Resources */ = {isa = PBXBuildFile; fileRef = 42284AFD2CA0C68F001E6942 /* Assets.xcassets */; };
		42284B002CA19FDB001E6942 /* ML_Buddha.mlmodel in Sources */ = {isa = PBXBuildFile; fileRef = 42284AFF2CA19FDB001E6942 /* ML_Buddha.mlmodel */; };
		42E0E3C32C9B1F4E0076FFF7 /* AppDelegate.swift in Sources */ = {isa = PBXBuildFile; fileRef = 42E0E3C22C9B1F4E0076FFF7 /* AppDelegate.swift */; };
		42E0E3C52C9B1F4E0076FFF7 /* SceneDelegate.swift in Sources */ = {isa = PBXBuildFile; fileRef = 42E0E3C42C9B1F4E0076FFF7 /* SceneDelegate.swift */; };
		42E0E3C72C9B1F4E0076FFF7 /* ViewController.swift in Sources */ = {isa = PBXBuildFile; fileRef = 42E0E3C62C9B1F4E0076FFF7 /* ViewController.swift */; };
		42E0E3CA2C9B1F4E0076FFF7 /* Base in Resources */ = {isa = PBXBuildFile; fileRef = 42E0E3C92C9B1F4E0076FFF7 /* Base */; };
		42E0E3CF2C9B1F500076FFF7 /* Base in Resources */ = {isa = PBXBuildFile; fileRef = 42E0E3CE2C9B1F500076FFF7 /* Base */; };
		42E0E3E02C9B223F0076FFF7 /* BackCameraViewController.swift in Sources */ = {isa = PBXBuildFile; fileRef = 42E0E3DF2C9B223F0076FFF7 /* BackCameraViewController.swift */; };
		42E0E3E22C9B225B0076FFF7 /* FrontCameraViewController.swift in Sources */ = {isa = PBXBuildFile; fileRef = 42E0E3E12C9B225B0076FFF7 /* FrontCameraViewController.swift */; };
		42E0E3E42C9B22840076FFF7 /* TimerView.swift in Sources */ = {isa = PBXBuildFile; fileRef = 42E0E3E32C9B22840076FFF7 /* TimerView.swift */; };
		42E0E3E62C9B22A30076FFF7 /* CameraManager.swift in Sources */ = {isa = PBXBuildFile; fileRef = 42E0E3E52C9B22A30076FFF7 /* CameraManager.swift */; };
		42E0E3E82C9B22B10076FFF7 /* ObjectRecognitionManager.swift in Sources */ = {isa = PBXBuildFile; fileRef = 42E0E3E72C9B22B10076FFF7 /* ObjectRecognitionManager.swift */; };
		42E0E3EA2C9B22BD0076FFF7 /* SoundManager.swift in Sources */ = {isa = PBXBuildFile; fileRef = 42E0E3E92C9B22BD0076FFF7 /* SoundManager.swift */; };
		42E0E3EC2C9B22C70076FFF7 /* Extensions.swift in Sources */ = {isa = PBXBuildFile; fileRef = 42E0E3EB2C9B22C70076FFF7 /* Extensions.swift */; };
		42E0E3F02C9B26610076FFF7 /* InstructionViewController.swift in Sources */ = {isa = PBXBuildFile; fileRef = 42E0E3EF2C9B26610076FFF7 /* InstructionViewController.swift */; };
/* End PBXBuildFile section */

/* Begin PBXFileReference section */
		42284AF72C9F7D5F001E6942 /* FastViTMA36F16.mlpackage */ = {isa = PBXFileReference; lastKnownFileType = folder.mlpackage; path = FastViTMA36F16.mlpackage; sourceTree = "<group>"; };
		42284AF92CA0C469001E6942 /* buddha_sound.wav */ = {isa = PBXFileReference; lastKnownFileType = audio.wav; path = buddha_sound.wav; sourceTree = "<group>"; };
		42284AFD2CA0C68F001E6942 /* Assets.xcassets */ = {isa = PBXFileReference; lastKnownFileType = folder.assetcatalog; path = Assets.xcassets; sourceTree = "<group>"; };
		42284AFF2CA19FDB001E6942 /* ML_Buddha.mlmodel */ = {isa = PBXFileReference; lastKnownFileType = file.mlmodel; path = ML_Buddha.mlmodel; sourceTree = "<group>"; };
		42E0E3BF2C9B1F4E0076FFF7 /* ML Buddha.app */ = {isa = PBXFileReference; explicitFileType = wrapper.application; includeInIndex = 0; path = "ML Buddha.app"; sourceTree = BUILT_PRODUCTS_DIR; };
		42E0E3C22C9B1F4E0076FFF7 /* AppDelegate.swift */ = {isa = PBXFileReference; lastKnownFileType = sourcecode.swift; path = AppDelegate.swift; sourceTree = "<group>"; };
		42E0E3C42C9B1F4E0076FFF7 /* SceneDelegate.swift */ = {isa = PBXFileReference; lastKnownFileType = sourcecode.swift; path = SceneDelegate.swift; sourceTree = "<group>"; };
		42E0E3C62C9B1F4E0076FFF7 /* ViewController.swift */ = {isa = PBXFileReference; lastKnownFileType = sourcecode.swift; path = ViewController.swift; sourceTree = "<group>"; };
		42E0E3C92C9B1F4E0076FFF7 /* Base */ = {isa = PBXFileReference; lastKnownFileType = file.storyboard; name = Base; path = Base.lproj/Main.storyboard; sourceTree = "<group>"; };
		42E0E3CE2C9B1F500076FFF7 /* Base */ = {isa = PBXFileReference; lastKnownFileType = file.storyboard; name = Base; path = Base.lproj/LaunchScreen.storyboard; sourceTree = "<group>"; };
		42E0E3D02C9B1F500076FFF7 /* Info.plist */ = {isa = PBXFileReference; lastKnownFileType = text.plist.xml; path = Info.plist; sourceTree = "<group>"; };
		42E0E3DF2C9B223F0076FFF7 /* BackCameraViewController.swift */ = {isa = PBXFileReference; lastKnownFileType = sourcecode.swift; path = BackCameraViewController.swift; sourceTree = "<group>"; };
		42E0E3E12C9B225B0076FFF7 /* FrontCameraViewController.swift */ = {isa = PBXFileReference; lastKnownFileType = sourcecode.swift; path = FrontCameraViewController.swift; sourceTree = "<group>"; };
		42E0E3E32C9B22840076FFF7 /* TimerView.swift */ = {isa = PBXFileReference; lastKnownFileType = sourcecode.swift; path = TimerView.swift; sourceTree = "<group>"; };
		42E0E3E52C9B22A30076FFF7 /* CameraManager.swift */ = {isa = PBXFileReference; lastKnownFileType = sourcecode.swift; path = CameraManager.swift; sourceTree = "<group>"; };
		42E0E3E72C9B22B10076FFF7 /* ObjectRecognitionManager.swift */ = {isa = PBXFileReference; lastKnownFileType = sourcecode.swift; path = ObjectRecognitionManager.swift; sourceTree = "<group>"; };
		42E0E3E92C9B22BD0076FFF7 /* SoundManager.swift */ = {isa = PBXFileReference; lastKnownFileType = sourcecode.swift; path = SoundManager.swift; sourceTree = "<group>"; };
		42E0E3EB2C9B22C70076FFF7 /* Extensions.swift */ = {isa = PBXFileReference; lastKnownFileType = sourcecode.swift; path = Extensions.swift; sourceTree = "<group>"; };
		42E0E3EF2C9B26610076FFF7 /* InstructionViewController.swift */ = {isa = PBXFileReference; lastKnownFileType = sourcecode.swift; path = InstructionViewController.swift; sourceTree = "<group>"; };
/* End PBXFileReference section */

/* Begin PBXFrameworksBuildPhase section */
		42E0E3BC2C9B1F4E0076FFF7 /* Frameworks */ = {
			isa = PBXFrameworksBuildPhase;
			buildActionMask = 2147483647;
			files = (
			);
			runOnlyForDeploymentPostprocessing = 0;
		};
/* End PBXFrameworksBuildPhase section */

/* Begin PBXGroup section */
		42E0E3B62C9B1F4E0076FFF7 = {
			isa = PBXGroup;
			children = (
				42E0E3C12C9B1F4E0076FFF7 /* ML Buddha */,
				42E0E3C02C9B1F4E0076FFF7 /* Products */,
			);
			sourceTree = "<group>";
		};
		42E0E3C02C9B1F4E0076FFF7 /* Products */ = {
			isa = PBXGroup;
			children = (
				42E0E3BF2C9B1F4E0076FFF7 /* ML Buddha.app */,
			);
			name = Products;
			sourceTree = "<group>";
		};
		42E0E3C12C9B1F4E0076FFF7 /* ML Buddha */ = {
			isa = PBXGroup;
			children = (
				42284AFF2CA19FDB001E6942 /* ML_Buddha.mlmodel */,
				42284AFD2CA0C68F001E6942 /* Assets.xcassets */,
				42284AF92CA0C469001E6942 /* buddha_sound.wav */,
				42E0E3C22C9B1F4E0076FFF7 /* AppDelegate.swift */,
				42E0E3C42C9B1F4E0076FFF7 /* SceneDelegate.swift */,
				42E0E3D02C9B1F500076FFF7 /* Info.plist */,
				42284AF72C9F7D5F001E6942 /* FastViTMA36F16.mlpackage */,
				42E0E3D92C9B218C0076FFF7 /* Controllers */,
				42E0E3DD2C9B21C30076FFF7 /* Views */,
				42E0E3DC2C9B21C00076FFF7 /* Managers */,
				42E0E3DE2C9B21DB0076FFF7 /* Utilities */,
				42E0E3C62C9B1F4E0076FFF7 /* ViewController.swift */,
				42E0E3C82C9B1F4E0076FFF7 /* Main.storyboard */,
				42E0E3CD2C9B1F500076FFF7 /* LaunchScreen.storyboard */,
			);
			path = "ML Buddha";
			sourceTree = "<group>";
		};
		42E0E3D92C9B218C0076FFF7 /* Controllers */ = {
			isa = PBXGroup;
			children = (
				42E0E3EF2C9B26610076FFF7 /* InstructionViewController.swift */,
				42E0E3E12C9B225B0076FFF7 /* FrontCameraViewController.swift */,
				42E0E3DF2C9B223F0076FFF7 /* BackCameraViewController.swift */,
			);
			name = Controllers;
			path = "New Group/Controllers";
			sourceTree = "<group>";
		};
		42E0E3DC2C9B21C00076FFF7 /* Managers */ = {
			isa = PBXGroup;
			children = (
				42E0E3E52C9B22A30076FFF7 /* CameraManager.swift */,
				42E0E3E72C9B22B10076FFF7 /* ObjectRecognitionManager.swift */,
				42E0E3E92C9B22BD0076FFF7 /* SoundManager.swift */,
			);
			path = Managers;
			sourceTree = "<group>";
		};
		42E0E3DD2C9B21C30076FFF7 /* Views */ = {
			isa = PBXGroup;
			children = (
				42E0E3E32C9B22840076FFF7 /* TimerView.swift */,
			);
			path = Views;
			sourceTree = "<group>";
		};
		42E0E3DE2C9B21DB0076FFF7 /* Utilities */ = {
			isa = PBXGroup;
			children = (
				42E0E3EB2C9B22C70076FFF7 /* Extensions.swift */,
			);
			name = Utilities;
			path = Managers/Utilities;
			sourceTree = "<group>";
		};
/* End PBXGroup section */

/* Begin PBXNativeTarget section */
		42E0E3BE2C9B1F4E0076FFF7 /* ML Buddha */ = {
			isa = PBXNativeTarget;
			buildConfigurationList = 42E0E3D32C9B1F500076FFF7 /* Build configuration list for PBXNativeTarget "ML Buddha" */;
			buildPhases = (
				42E0E3BB2C9B1F4E0076FFF7 /* Sources */,
				42E0E3BC2C9B1F4E0076FFF7 /* Frameworks */,
				42E0E3BD2C9B1F4E0076FFF7 /* Resources */,
			);
			buildRules = (
			);
			dependencies = (
			);
			name = "ML Buddha";
			productName = "ML Buddha";
			productReference = 42E0E3BF2C9B1F4E0076FFF7 /* ML Buddha.app */;
			productType = "com.apple.product-type.application";
		};
/* End PBXNativeTarget section */

/* Begin PBXProject section */
		42E0E3B72C9B1F4E0076FFF7 /* Project object */ = {
			isa = PBXProject;
			attributes = {
				BuildIndependentTargetsInParallel = 1;
				LastSwiftUpdateCheck = 1540;
				LastUpgradeCheck = 1540;
				TargetAttributes = {
					42E0E3BE2C9B1F4E0076FFF7 = {
						CreatedOnToolsVersion = 15.4;
					};
				};
			};
			buildConfigurationList = 42E0E3BA2C9B1F4E0076FFF7 /* Build configuration list for PBXProject "ML Buddha" */;
			compatibilityVersion = "Xcode 14.0";
			developmentRegion = en;
			hasScannedForEncodings = 0;
			knownRegions = (
				en,
				Base,
			);
			mainGroup = 42E0E3B62C9B1F4E0076FFF7;
			productRefGroup = 42E0E3C02C9B1F4E0076FFF7 /* Products */;
			projectDirPath = "";
			projectRoot = "";
			targets = (
				42E0E3BE2C9B1F4E0076FFF7 /* ML Buddha */,
			);
		};
/* End PBXProject section */

/* Begin PBXResourcesBuildPhase section */
		42E0E3BD2C9B1F4E0076FFF7 /* Resources */ = {
			isa = PBXResourcesBuildPhase;
			buildActionMask = 2147483647;
			files = (
				42284AFA2CA0C469001E6942 /* buddha_sound.wav in Resources */,
				42E0E3CF2C9B1F500076FFF7 /* Base in Resources */,
				42284AFE2CA0C68F001E6942 /* Assets.xcassets in Resources */,
				42E0E3CA2C9B1F4E0076FFF7 /* Base in Resources */,
			);
			runOnlyForDeploymentPostprocessing = 0;
		};
/* End PBXResourcesBuildPhase section */

/* Begin PBXSourcesBuildPhase section */
		42E0E3BB2C9B1F4E0076FFF7 /* Sources */ = {
			isa = PBXSourcesBuildPhase;
			buildActionMask = 2147483647;
			files = (
				42E0E3E42C9B22840076FFF7 /* TimerView.swift in Sources */,
				42E0E3E62C9B22A30076FFF7 /* CameraManager.swift in Sources */,
				42284B002CA19FDB001E6942 /* ML_Buddha.mlmodel in Sources */,
				42E0E3C72C9B1F4E0076FFF7 /* ViewController.swift in Sources */,
				42E0E3C32C9B1F4E0076FFF7 /* AppDelegate.swift in Sources */,
				42E0E3E82C9B22B10076FFF7 /* ObjectRecognitionManager.swift in Sources */,
				42E0E3EC2C9B22C70076FFF7 /* Extensions.swift in Sources */,
				42E0E3E22C9B225B0076FFF7 /* FrontCameraViewController.swift in Sources */,
				42E0E3F02C9B26610076FFF7 /* InstructionViewController.swift in Sources */,
				42284AF82C9F7D5F001E6942 /* FastViTMA36F16.mlpackage in Sources */,
				42E0E3E02C9B223F0076FFF7 /* BackCameraViewController.swift in Sources */,
				42E0E3C52C9B1F4E0076FFF7 /* SceneDelegate.swift in Sources */,
				42E0E3EA2C9B22BD0076FFF7 /* SoundManager.swift in Sources */,
			);
			runOnlyForDeploymentPostprocessing = 0;
		};
/* End PBXSourcesBuildPhase section */

/* Begin PBXVariantGroup section */
		42E0E3C82C9B1F4E0076FFF7 /* Main.storyboard */ = {
			isa = PBXVariantGroup;
			children = (
				42E0E3C92C9B1F4E0076FFF7 /* Base */,
			);
			name = Main.storyboard;
			sourceTree = "<group>";
		};
		42E0E3CD2C9B1F500076FFF7 /* LaunchScreen.storyboard */ = {
			isa = PBXVariantGroup;
			children = (
				42E0E3CE2C9B1F500076FFF7 /* Base */,
			);
			name = LaunchScreen.storyboard;
			sourceTree = "<group>";
		};
/* End PBXVariantGroup section */

/* Begin XCBuildConfiguration section */
		42E0E3D12C9B1F500076FFF7 /* Debug */ = {
			isa = XCBuildConfiguration;
			buildSettings = {
				ALWAYS_SEARCH_USER_PATHS = NO;
				ASSETCATALOG_COMPILER_GENERATE_SWIFT_ASSET_SYMBOL_EXTENSIONS = YES;
				CLANG_ANALYZER_NONNULL = YES;
				CLANG_ANALYZER_NUMBER_OBJECT_CONVERSION = YES_AGGRESSIVE;
				CLANG_CXX_LANGUAGE_STANDARD = "gnu++20";
				CLANG_ENABLE_MODULES = YES;
				CLANG_ENABLE_OBJC_ARC = YES;
				CLANG_ENABLE_OBJC_WEAK = YES;
				CLANG_WARN_BLOCK_CAPTURE_AUTORELEASING = YES;
				CLANG_WARN_BOOL_CONVERSION = YES;
				CLANG_WARN_COMMA = YES;
				CLANG_WARN_CONSTANT_CONVERSION = YES;
				CLANG_WARN_DEPRECATED_OBJC_IMPLEMENTATIONS = YES;
				CLANG_WARN_DIRECT_OBJC_ISA_USAGE = YES_ERROR;
				CLANG_WARN_DOCUMENTATION_COMMENTS = YES;
				CLANG_WARN_EMPTY_BODY = YES;
				CLANG_WARN_ENUM_CONVERSION = YES;
				CLANG_WARN_INFINITE_RECURSION = YES;
				CLANG_WARN_INT_CONVERSION = YES;
				CLANG_WARN_NON_LITERAL_NULL_CONVERSION = YES;
				CLANG_WARN_OBJC_IMPLICIT_RETAIN_SELF = YES;
				CLANG_WARN_OBJC_LITERAL_CONVERSION = YES;
				CLANG_WARN_OBJC_ROOT_CLASS = YES_ERROR;
				CLANG_WARN_QUOTED_INCLUDE_IN_FRAMEWORK_HEADER = YES;
				CLANG_WARN_RANGE_LOOP_ANALYSIS = YES;
				CLANG_WARN_STRICT_PROTOTYPES = YES;
				CLANG_WARN_SUSPICIOUS_MOVE = YES;
				CLANG_WARN_UNGUARDED_AVAILABILITY = YES_AGGRESSIVE;
				CLANG_WARN_UNREACHABLE_CODE = YES;
				CLANG_WARN__DUPLICATE_METHOD_MATCH = YES;
				COPY_PHASE_STRIP = NO;
				DEBUG_INFORMATION_FORMAT = dwarf;
				ENABLE_STRICT_OBJC_MSGSEND = YES;
				ENABLE_TESTABILITY = YES;
				ENABLE_USER_SCRIPT_SANDBOXING = YES;
				GCC_C_LANGUAGE_STANDARD = gnu17;
				GCC_DYNAMIC_NO_PIC = NO;
				GCC_NO_COMMON_BLOCKS = YES;
				GCC_OPTIMIZATION_LEVEL = 0;
				GCC_PREPROCESSOR_DEFINITIONS = (
					"DEBUG=1",
					"$(inherited)",
				);
				GCC_WARN_64_TO_32_BIT_CONVERSION = YES;
				GCC_WARN_ABOUT_RETURN_TYPE = YES_ERROR;
				GCC_WARN_UNDECLARED_SELECTOR = YES;
				GCC_WARN_UNINITIALIZED_AUTOS = YES_AGGRESSIVE;
				GCC_WARN_UNUSED_FUNCTION = YES;
				GCC_WARN_UNUSED_VARIABLE = YES;
				IPHONEOS_DEPLOYMENT_TARGET = 17.5;
				LOCALIZATION_PREFERS_STRING_CATALOGS = YES;
				MTL_ENABLE_DEBUG_INFO = INCLUDE_SOURCE;
				MTL_FAST_MATH = YES;
				ONLY_ACTIVE_ARCH = YES;
				SDKROOT = iphoneos;
				SWIFT_ACTIVE_COMPILATION_CONDITIONS = "DEBUG $(inherited)";
				SWIFT_OPTIMIZATION_LEVEL = "-Onone";
			};
			name = Debug;
		};
		42E0E3D22C9B1F500076FFF7 /* Release */ = {
			isa = XCBuildConfiguration;
			buildSettings = {
				ALWAYS_SEARCH_USER_PATHS = NO;
				ASSETCATALOG_COMPILER_GENERATE_SWIFT_ASSET_SYMBOL_EXTENSIONS = YES;
				CLANG_ANALYZER_NONNULL = YES;
				CLANG_ANALYZER_NUMBER_OBJECT_CONVERSION = YES_AGGRESSIVE;
				CLANG_CXX_LANGUAGE_STANDARD = "gnu++20";
				CLANG_ENABLE_MODULES = YES;
				CLANG_ENABLE_OBJC_ARC = YES;
				CLANG_ENABLE_OBJC_WEAK = YES;
				CLANG_WARN_BLOCK_CAPTURE_AUTORELEASING = YES;
				CLANG_WARN_BOOL_CONVERSION = YES;
				CLANG_WARN_COMMA = YES;
				CLANG_WARN_CONSTANT_CONVERSION = YES;
				CLANG_WARN_DEPRECATED_OBJC_IMPLEMENTATIONS = YES;
				CLANG_WARN_DIRECT_OBJC_ISA_USAGE = YES_ERROR;
				CLANG_WARN_DOCUMENTATION_COMMENTS = YES;
				CLANG_WARN_EMPTY_BODY = YES;
				CLANG_WARN_ENUM_CONVERSION = YES;
				CLANG_WARN_INFINITE_RECURSION = YES;
				CLANG_WARN_INT_CONVERSION = YES;
				CLANG_WARN_NON_LITERAL_NULL_CONVERSION = YES;
				CLANG_WARN_OBJC_IMPLICIT_RETAIN_SELF = YES;
				CLANG_WARN_OBJC_LITERAL_CONVERSION = YES;
				CLANG_WARN_OBJC_ROOT_CLASS = YES_ERROR;
				CLANG_WARN_QUOTED_INCLUDE_IN_FRAMEWORK_HEADER = YES;
				CLANG_WARN_RANGE_LOOP_ANALYSIS = YES;
				CLANG_WARN_STRICT_PROTOTYPES = YES;
				CLANG_WARN_SUSPICIOUS_MOVE = YES;
				CLANG_WARN_UNGUARDED_AVAILABILITY = YES_AGGRESSIVE;
				CLANG_WARN_UNREACHABLE_CODE = YES;
				CLANG_WARN__DUPLICATE_METHOD_MATCH = YES;
				COPY_PHASE_STRIP = NO;
				DEBUG_INFORMATION_FORMAT = "dwarf-with-dsym";
				ENABLE_NS_ASSERTIONS = NO;
				ENABLE_STRICT_OBJC_MSGSEND = YES;
				ENABLE_USER_SCRIPT_SANDBOXING = YES;
				GCC_C_LANGUAGE_STANDARD = gnu17;
				GCC_NO_COMMON_BLOCKS = YES;
				GCC_WARN_64_TO_32_BIT_CONVERSION = YES;
				GCC_WARN_ABOUT_RETURN_TYPE = YES_ERROR;
				GCC_WARN_UNDECLARED_SELECTOR = YES;
				GCC_WARN_UNINITIALIZED_AUTOS = YES_AGGRESSIVE;
				GCC_WARN_UNUSED_FUNCTION = YES;
				GCC_WARN_UNUSED_VARIABLE = YES;
				IPHONEOS_DEPLOYMENT_TARGET = 17.5;
				LOCALIZATION_PREFERS_STRING_CATALOGS = YES;
				MTL_ENABLE_DEBUG_INFO = NO;
				MTL_FAST_MATH = YES;
				SDKROOT = iphoneos;
				SWIFT_COMPILATION_MODE = wholemodule;
				VALIDATE_PRODUCT = YES;
			};
			name = Release;
		};
		42E0E3D42C9B1F500076FFF7 /* Debug */ = {
			isa = XCBuildConfiguration;
			buildSettings = {
				ASSETCATALOG_COMPILER_APPICON_NAME = AppIcon;
				ASSETCATALOG_COMPILER_GLOBAL_ACCENT_COLOR_NAME = AccentColor;
				CODE_SIGN_STYLE = Automatic;
				CURRENT_PROJECT_VERSION = 1;
				DEVELOPMENT_TEAM = NES4E5L6E8;
				GENERATE_INFOPLIST_FILE = YES;
				INFOPLIST_FILE = "ML Buddha/Info.plist";
				INFOPLIST_KEY_UIApplicationSupportsIndirectInputEvents = YES;
				INFOPLIST_KEY_UILaunchStoryboardName = LaunchScreen;
				INFOPLIST_KEY_UIMainStoryboardFile = Main;
				INFOPLIST_KEY_UISupportedInterfaceOrientations_iPad = "UIInterfaceOrientationPortrait UIInterfaceOrientationPortraitUpsideDown UIInterfaceOrientationLandscapeLeft UIInterfaceOrientationLandscapeRight";
				INFOPLIST_KEY_UISupportedInterfaceOrientations_iPhone = "UIInterfaceOrientationPortrait UIInterfaceOrientationLandscapeLeft UIInterfaceOrientationLandscapeRight";
				LD_RUNPATH_SEARCH_PATHS = (
					"$(inherited)",
					"@executable_path/Frameworks",
				);
				MARKETING_VERSION = 1.0;
				PRODUCT_BUNDLE_IDENTIFIER = "technology.stupid.ML-Buddha";
				PRODUCT_NAME = "$(TARGET_NAME)";
				SWIFT_EMIT_LOC_STRINGS = YES;
				SWIFT_VERSION = 5.0;
				TARGETED_DEVICE_FAMILY = "1,2";
			};
			name = Debug;
		};
		42E0E3D52C9B1F500076FFF7 /* Release */ = {
			isa = XCBuildConfiguration;
			buildSettings = {
				ASSETCATALOG_COMPILER_APPICON_NAME = AppIcon;
				ASSETCATALOG_COMPILER_GLOBAL_ACCENT_COLOR_NAME = AccentColor;
				CODE_SIGN_STYLE = Automatic;
				CURRENT_PROJECT_VERSION = 1;
				DEVELOPMENT_TEAM = NES4E5L6E8;
				GENERATE_INFOPLIST_FILE = YES;
				INFOPLIST_FILE = "ML Buddha/Info.plist";
				INFOPLIST_KEY_UIApplicationSupportsIndirectInputEvents = YES;
				INFOPLIST_KEY_UILaunchStoryboardName = LaunchScreen;
				INFOPLIST_KEY_UIMainStoryboardFile = Main;
				INFOPLIST_KEY_UISupportedInterfaceOrientations_iPad = "UIInterfaceOrientationPortrait UIInterfaceOrientationPortraitUpsideDown UIInterfaceOrientationLandscapeLeft UIInterfaceOrientationLandscapeRight";
				INFOPLIST_KEY_UISupportedInterfaceOrientations_iPhone = "UIInterfaceOrientationPortrait UIInterfaceOrientationLandscapeLeft UIInterfaceOrientationLandscapeRight";
				LD_RUNPATH_SEARCH_PATHS = (
					"$(inherited)",
					"@executable_path/Frameworks",
				);
				MARKETING_VERSION = 1.0;
				PRODUCT_BUNDLE_IDENTIFIER = "technology.stupid.ML-Buddha";
				PRODUCT_NAME = "$(TARGET_NAME)";
				SWIFT_EMIT_LOC_STRINGS = YES;
				SWIFT_VERSION = 5.0;
				TARGETED_DEVICE_FAMILY = "1,2";
			};
			name = Release;
		};
/* End XCBuildConfiguration section */

/* Begin XCConfigurationList section */
		42E0E3BA2C9B1F4E0076FFF7 /* Build configuration list for PBXProject "ML Buddha" */ = {
			isa = XCConfigurationList;
			buildConfigurations = (
				42E0E3D12C9B1F500076FFF7 /* Debug */,
				42E0E3D22C9B1F500076FFF7 /* Release */,
			);
			defaultConfigurationIsVisible = 0;
			defaultConfigurationName = Release;
		};
		42E0E3D32C9B1F500076FFF7 /* Build configuration list for PBXNativeTarget "ML Buddha" */ = {
			isa = XCConfigurationList;
			buildConfigurations = (
				42E0E3D42C9B1F500076FFF7 /* Debug */,
				42E0E3D52C9B1F500076FFF7 /* Release */,
			);
			defaultConfigurationIsVisible = 0;
			defaultConfigurationName = Release;
		};
/* End XCConfigurationList section */
	};
	rootObject = 42E0E3B72C9B1F4E0076FFF7 /* Project object */;
}
